
Microsoft Visual Studio Solution File, Format Version 12.00
# Visual Studio Version 16
VisualStudioVersion = 16.0.31729.503
MinimumVisualStudioVersion = 10.0.40219.1
Project("{9A19103F-16F7-4668-BE54-9A1E7A4F7556}") = "PaysTracker", "PaysTracker\PaysTracker.csproj", "{885215F2-7037-43BD-899B-BEB5FFEE92BC}"
EndProject
Project("{00D1A9C2-B5F0-4AF3-8072-F6C62B433612}") = "PaysTracker.DB", "PaysTracker.DB\PaysTracker.DB.sqlproj", "{CB72A780-E15F-4C9A-9FC6-9897B86F8573}"
EndProject
Project("{00D1A9C2-B5F0-4AF3-8072-F6C62B433612}") = "PaysTracker.ID", "PaysTracker.ID\PaysTracker.ID.sqlproj", "{8AF825BF-7423-4D1F-8B6E-6987C3156AED}"
EndProject
Global
	GlobalSection(SolutionConfigurationPlatforms) = preSolution
		Debug|Any CPU = Debug|Any CPU
		Release|Any CPU = Release|Any CPU
	EndGlobalSection
	GlobalSection(ProjectConfigurationPlatforms) = postSolution
		{885215F2-7037-43BD-899B-BEB5FFEE92BC}.Debug|Any CPU.ActiveCfg = Debug|Any CPU
		{885215F2-7037-43BD-899B-BEB5FFEE92BC}.Debug|Any CPU.Build.0 = Debug|Any CPU
		{885215F2-7037-43BD-899B-BEB5FFEE92BC}.Release|Any CPU.ActiveCfg = Release|Any CPU
		{885215F2-7037-43BD-899B-BEB5FFEE92BC}.Release|Any CPU.Build.0 = Release|Any CPU
		{CB72A780-E15F-4C9A-9FC6-9897B86F8573}.Debug|Any CPU.ActiveCfg = Debug|Any CPU
		{CB72A780-E15F-4C9A-9FC6-9897B86F8573}.Debug|Any CPU.Build.0 = Debug|Any CPU
		{CB72A780-E15F-4C9A-9FC6-9897B86F8573}.Debug|Any CPU.Deploy.0 = Debug|Any CPU
		{CB72A780-E15F-4C9A-9FC6-9897B86F8573}.Release|Any CPU.ActiveCfg = Release|Any CPU
		{CB72A780-E15F-4C9A-9FC6-9897B86F8573}.Release|Any CPU.Build.0 = Release|Any CPU
		{CB72A780-E15F-4C9A-9FC6-9897B86F8573}.Release|Any CPU.Deploy.0 = Release|Any CPU
		{8AF825BF-7423-4D1F-8B6E-6987C3156AED}.Debug|Any CPU.ActiveCfg = Debug|Any CPU
		{8AF825BF-7423-4D1F-8B6E-6987C3156AED}.Debug|Any CPU.Build.0 = Debug|Any CPU
		{8AF825BF-7423-4D1F-8B6E-6987C3156AED}.Debug|Any CPU.Deploy.0 = Debug|Any CPU
		{8AF825BF-7423-4D1F-8B6E-6987C3156AED}.Release|Any CPU.ActiveCfg = Release|Any CPU
		{8AF825BF-7423-4D1F-8B6E-6987C3156AED}.Release|Any CPU.Build.0 = Release|Any CPU
		{8AF825BF-7423-4D1F-8B6E-6987C3156AED}.Release|Any CPU.Deploy.0 = Release|Any CPU
	EndGlobalSection
	GlobalSection(SolutionProperties) = preSolution
		HideSolutionNode = FALSE
	EndGlobalSection
	GlobalSection(ExtensibilityGlobals) = postSolution
		SolutionGuid = {BFE8AF5E-5DC3-4A8D-8763-E3AFA56617AF}
	EndGlobalSection
EndGlobal
